
Microsoft Visual Studio Solution File, Format Version 12.00
Project("{2150E333-8FDC-42A3-9474-1A3956D46DE8}") = "src", "src", "{C797DE93-459A-4D4E-BF4C-3C8E057AAD50}"
EndProject
Project("{2150E333-8FDC-42A3-9474-1A3956D46DE8}") = "Insurance", "Insurance", "{2CA3AC1F-F56E-44C0-BF73-44352136D150}"
EndProject
Project("{FAE04EC0-301F-11D3-BF4B-00C04F79EFBC}") = "Insurance.WEBAPI", "src\InsuranceSQL\Insurance.WEBAPI\Insurance.WEBAPI.csproj", "{85C0EE51-E620-48D1-BEC5-47A581B05CEC}"
EndProject
Project("{FAE04EC0-301F-11D3-BF4B-00C04F79EFBC}") = "Insurance.DAL", "src\InsuranceSQL\Insurance.DAL\Insurance.DAL.csproj", "{014D9E72-BE96-47A7-A63E-18F951EB7914}"
EndProject
Project("{FAE04EC0-301F-11D3-BF4B-00C04F79EFBC}") = "Insurance.Infrastracture", "src\InsuranceSQL\Insurance.Infrastracture\Insurance.Infrastracture.csproj", "{E5358EF3-DFA5-4A0C-B9B2-3FA4AFB777E6}"
EndProject
Project("{FAE04EC0-301F-11D3-BF4B-00C04F79EFBC}") = "Insurance.Repositories", "src\InsuranceSQL\Insurance.Repositories\Insurance.Repositories.csproj", "{643B526C-94B3-45DA-A60F-1EDB7B5E7FFD}"
EndProject
Project("{FAE04EC0-301F-11D3-BF4B-00C04F79EFBC}") = "Insurance.BLL", "src\InsuranceSQL\Insurance.BLL\Insurance.BLL.csproj", "{5A1C1D9F-B81B-4A49-A3BA-8CEF0D2F300D}"
EndProject
Project("{FAE04EC0-301F-11D3-BF4B-00C04F79EFBC}") = "Insurance.Validation", "src\InsuranceSQL\Insurance.Validation\Insurance.Validation.csproj", "{6E575897-E7C2-4F73-B13E-68DE8760E5EF}"
EndProject
Project("{FAE04EC0-301F-11D3-BF4B-00C04F79EFBC}") = "Insurance.DTO", "src\InsuranceSQL\Insurance.DTO\Insurance.DTO.csproj", "{368EA3E4-F354-40B8-AD95-F64B78B9FE22}"
EndProject
Project("{FAE04EC0-301F-11D3-BF4B-00C04F79EFBC}") = "Insurance.Helpers", "src\InsuranceSQL\Insurance.Helpers\Insurance.Helpers.csproj", "{4EF04291-6572-43BF-8FDB-27144776BF44}"
EndProject
Project("{FAE04EC0-301F-11D3-BF4B-00C04F79EFBC}") = "ApiGateway", "ApiGateway\ApiGateway.csproj", "{095B6431-E68D-459A-AB44-AB7F698E33A3}"
EndProject
Project("{2150E333-8FDC-42A3-9474-1A3956D46DE8}") = "Insurance.Client", "Insurance.Client", "{5733586F-715A-449C-86B5-7D9C25EA787E}"
EndProject
Project("{2150E333-8FDC-42A3-9474-1A3956D46DE8}") = "Insurance.MongoDB", "Insurance.MongoDB", "{C44C3F82-A371-489C-BA63-F08AEAF1C02B}"
EndProject
Project("{FAE04EC0-301F-11D3-BF4B-00C04F79EFBC}") = "Clients.Domain", "src\InsuranceMongoDB\Clients.Domain\Clients.Domain.csproj", "{10785D38-C9ED-43F2-A3E8-3D8BBF405C47}"
EndProject
Project("{FAE04EC0-301F-11D3-BF4B-00C04F79EFBC}") = "Clients.Application", "src\InsuranceMongoDB\Clients.Application\Clients.Application.csproj", "{D2896CA6-9157-4DE1-8C98-9E1785518FB0}"
EndProject
Project("{FAE04EC0-301F-11D3-BF4B-00C04F79EFBC}") = "Clients.IoC", "src\InsuranceMongoDB\Clients.IoC\Clients.IoC.csproj", "{501C54C5-8813-425D-B2EB-9048FBD2AA67}"
EndProject
Project("{FAE04EC0-301F-11D3-BF4B-00C04F79EFBC}") = "Clients.WEBAPI", "src\InsuranceMongoDB\Clients.WEBAPI\Clients.WEBAPI.csproj", "{7A50DF92-7132-423A-825D-890CDC8B1870}"
EndProject
Project("{FAE04EC0-301F-11D3-BF4B-00C04F79EFBC}") = "Insurance.UnitTests", "src\Insurance.UnitTests\Insurance.UnitTests.csproj", "{E2682A67-BDE2-4728-B157-70A367B6F51B}"
EndProject
Project("{2150E333-8FDC-42A3-9474-1A3956D46DE8}") = "Tests", "Tests", "{E7CCD225-482E-412D-989C-5046ED019018}"
EndProject
Project("{2150E333-8FDC-42A3-9474-1A3956D46DE8}") = "GrpcRedis", "GrpcRedis", "{FC59D99D-4BC1-4255-A705-83F973F11B39}"
EndProject
Project("{2150E333-8FDC-42A3-9474-1A3956D46DE8}") = "Dapper", "Dapper", "{B8500944-4B0C-4964-9259-44B135251E9C}"
EndProject
Project("{FAE04EC0-301F-11D3-BF4B-00C04F79EFBC}") = "Company.WEBAPI", "src\Company\Company.WEBAPI\Company.WEBAPI.csproj", "{7582BD79-9AEC-4E4F-855A-92C08072D91B}"
EndProject
Project("{FAE04EC0-301F-11D3-BF4B-00C04F79EFBC}") = "Company.DAL", "src\Company\Company.DAL\Company.DAL.csproj", "{690BFDD0-8289-4D5C-9E91-C94677D26352}"
EndProject
Project("{FAE04EC0-301F-11D3-BF4B-00C04F79EFBC}") = "Company.Infrastracture", "src\Company\Company.Infrastracture\Company.Infrastracture.csproj", "{F7723BDF-79AE-46A2-A3DB-F792CDE2F745}"
EndProject
Project("{FAE04EC0-301F-11D3-BF4B-00C04F79EFBC}") = "Company.Repositories", "src\Company\Company.Repositories\Company.Repositories.csproj", "{818851FB-8565-47A7-8E58-A47157EBFAAD}"
EndProject
Project("{FAE04EC0-301F-11D3-BF4B-00C04F79EFBC}") = "Company.BLL", "src\Company\Company.BLL\Company.BLL.csproj", "{3A84A56F-1988-4954-B176-0C0293E217C2}"
EndProject
Project("{FAE04EC0-301F-11D3-BF4B-00C04F79EFBC}") = "InsuranceQueue.WEBAPI", "src\InsuranceQueue\InsuranceQueue.WEBAPI\InsuranceQueue.WEBAPI.csproj", "{FBC92436-8801-4117-9E21-B696AC598CDF}"
EndProject
Project("{FAE04EC0-301F-11D3-BF4B-00C04F79EFBC}") = "InsuranceQueue.DAL", "src\InsuranceQueue\InsuranceQueue.DAL\InsuranceQueue.DAL.csproj", "{BDCF1026-6881-4CF8-8077-DD07A346B82B}"
EndProject
Project("{FAE04EC0-301F-11D3-BF4B-00C04F79EFBC}") = "InsuranceQueue.Repositories", "src\InsuranceQueue\InsuranceQueue.Repositories\InsuranceQueue.Repositories.csproj", "{E8F4DFF2-D342-4E24-9FA1-CB00EAA50BC4}"
EndProject
Project("{FAE04EC0-301F-11D3-BF4B-00C04F79EFBC}") = "InsuranceQueue.Persistance", "src\InsuranceQueue\InsuranceQueue.Persistance\InsuranceQueue.Persistance.csproj", "{F282179A-2824-4AB6-B6ED-99FA6799C30D}"
EndProject
Project("{FAE04EC0-301F-11D3-BF4B-00C04F79EFBC}") = "Front-endTemplate", "src\Front-endTemplate\Front-endTemplate.csproj", "{14DE0785-A4CF-42F0-8FDD-9E331E1834D1}"
EndProject
Global
	GlobalSection(SolutionConfigurationPlatforms) = preSolution
		Debug|Any CPU = Debug|Any CPU
		Release|Any CPU = Release|Any CPU
	EndGlobalSection
	GlobalSection(NestedProjects) = preSolution
		{2CA3AC1F-F56E-44C0-BF73-44352136D150} = {C797DE93-459A-4D4E-BF4C-3C8E057AAD50}
		{85C0EE51-E620-48D1-BEC5-47A581B05CEC} = {2CA3AC1F-F56E-44C0-BF73-44352136D150}
		{014D9E72-BE96-47A7-A63E-18F951EB7914} = {2CA3AC1F-F56E-44C0-BF73-44352136D150}
		{E5358EF3-DFA5-4A0C-B9B2-3FA4AFB777E6} = {2CA3AC1F-F56E-44C0-BF73-44352136D150}
		{643B526C-94B3-45DA-A60F-1EDB7B5E7FFD} = {2CA3AC1F-F56E-44C0-BF73-44352136D150}
		{5A1C1D9F-B81B-4A49-A3BA-8CEF0D2F300D} = {2CA3AC1F-F56E-44C0-BF73-44352136D150}
		{6E575897-E7C2-4F73-B13E-68DE8760E5EF} = {2CA3AC1F-F56E-44C0-BF73-44352136D150}
		{368EA3E4-F354-40B8-AD95-F64B78B9FE22} = {2CA3AC1F-F56E-44C0-BF73-44352136D150}
		{4EF04291-6572-43BF-8FDB-27144776BF44} = {2CA3AC1F-F56E-44C0-BF73-44352136D150}
		{5733586F-715A-449C-86B5-7D9C25EA787E} = {C797DE93-459A-4D4E-BF4C-3C8E057AAD50}
		{C4531A3B-7E5A-4B03-B63F-61E1AF5E500C} = {5733586F-715A-449C-86B5-7D9C25EA787E}
		{C44C3F82-A371-489C-BA63-F08AEAF1C02B} = {C797DE93-459A-4D4E-BF4C-3C8E057AAD50}
		{10785D38-C9ED-43F2-A3E8-3D8BBF405C47} = {C44C3F82-A371-489C-BA63-F08AEAF1C02B}
		{2A0D2C7D-1C0C-49EC-B054-03CEFD02A418} = {C44C3F82-A371-489C-BA63-F08AEAF1C02B}
		{D2896CA6-9157-4DE1-8C98-9E1785518FB0} = {C44C3F82-A371-489C-BA63-F08AEAF1C02B}
		{501C54C5-8813-425D-B2EB-9048FBD2AA67} = {C44C3F82-A371-489C-BA63-F08AEAF1C02B}
		{7A50DF92-7132-423A-825D-890CDC8B1870} = {C44C3F82-A371-489C-BA63-F08AEAF1C02B}
		{E7CCD225-482E-412D-989C-5046ED019018} = {C797DE93-459A-4D4E-BF4C-3C8E057AAD50}
		{E2682A67-BDE2-4728-B157-70A367B6F51B} = {E7CCD225-482E-412D-989C-5046ED019018}
		{FC59D99D-4BC1-4255-A705-83F973F11B39} = {C797DE93-459A-4D4E-BF4C-3C8E057AAD50}
		{B8500944-4B0C-4964-9259-44B135251E9C} = {C797DE93-459A-4D4E-BF4C-3C8E057AAD50}
		{7582BD79-9AEC-4E4F-855A-92C08072D91B} = {B8500944-4B0C-4964-9259-44B135251E9C}
		{690BFDD0-8289-4D5C-9E91-C94677D26352} = {B8500944-4B0C-4964-9259-44B135251E9C}
		{F7723BDF-79AE-46A2-A3DB-F792CDE2F745} = {B8500944-4B0C-4964-9259-44B135251E9C}
		{818851FB-8565-47A7-8E58-A47157EBFAAD} = {B8500944-4B0C-4964-9259-44B135251E9C}
		{3A84A56F-1988-4954-B176-0C0293E217C2} = {B8500944-4B0C-4964-9259-44B135251E9C}
		{FBC92436-8801-4117-9E21-B696AC598CDF} = {FC59D99D-4BC1-4255-A705-83F973F11B39}
		{BDCF1026-6881-4CF8-8077-DD07A346B82B} = {FC59D99D-4BC1-4255-A705-83F973F11B39}
		{E8F4DFF2-D342-4E24-9FA1-CB00EAA50BC4} = {FC59D99D-4BC1-4255-A705-83F973F11B39}
		{F282179A-2824-4AB6-B6ED-99FA6799C30D} = {FC59D99D-4BC1-4255-A705-83F973F11B39}
		{A95FDF55-98ED-4C1C-8228-5507FCDB7CCB} = {E7CCD225-482E-412D-989C-5046ED019018}
		{14DE0785-A4CF-42F0-8FDD-9E331E1834D1} = {5733586F-715A-449C-86B5-7D9C25EA787E}
	EndGlobalSection
	GlobalSection(ProjectConfigurationPlatforms) = postSolution
		{85C0EE51-E620-48D1-BEC5-47A581B05CEC}.Debug|Any CPU.ActiveCfg = Debug|Any CPU
		{85C0EE51-E620-48D1-BEC5-47A581B05CEC}.Debug|Any CPU.Build.0 = Debug|Any CPU
		{85C0EE51-E620-48D1-BEC5-47A581B05CEC}.Release|Any CPU.ActiveCfg = Release|Any CPU
		{85C0EE51-E620-48D1-BEC5-47A581B05CEC}.Release|Any CPU.Build.0 = Release|Any CPU
		{85C0EE51-E620-48D1-BEC5-47A581B05CEC}.Debug|Any CPU.Deploy.0 = Debug|Any CPU
		{014D9E72-BE96-47A7-A63E-18F951EB7914}.Debug|Any CPU.ActiveCfg = Debug|Any CPU
		{014D9E72-BE96-47A7-A63E-18F951EB7914}.Debug|Any CPU.Build.0 = Debug|Any CPU
		{014D9E72-BE96-47A7-A63E-18F951EB7914}.Release|Any CPU.ActiveCfg = Release|Any CPU
		{014D9E72-BE96-47A7-A63E-18F951EB7914}.Release|Any CPU.Build.0 = Release|Any CPU
		{E5358EF3-DFA5-4A0C-B9B2-3FA4AFB777E6}.Debug|Any CPU.ActiveCfg = Debug|Any CPU
		{E5358EF3-DFA5-4A0C-B9B2-3FA4AFB777E6}.Debug|Any CPU.Build.0 = Debug|Any CPU
		{E5358EF3-DFA5-4A0C-B9B2-3FA4AFB777E6}.Release|Any CPU.ActiveCfg = Release|Any CPU
		{E5358EF3-DFA5-4A0C-B9B2-3FA4AFB777E6}.Release|Any CPU.Build.0 = Release|Any CPU
		{643B526C-94B3-45DA-A60F-1EDB7B5E7FFD}.Debug|Any CPU.ActiveCfg = Debug|Any CPU
		{643B526C-94B3-45DA-A60F-1EDB7B5E7FFD}.Debug|Any CPU.Build.0 = Debug|Any CPU
		{643B526C-94B3-45DA-A60F-1EDB7B5E7FFD}.Release|Any CPU.ActiveCfg = Release|Any CPU
		{643B526C-94B3-45DA-A60F-1EDB7B5E7FFD}.Release|Any CPU.Build.0 = Release|Any CPU
		{5A1C1D9F-B81B-4A49-A3BA-8CEF0D2F300D}.Debug|Any CPU.ActiveCfg = Debug|Any CPU
		{5A1C1D9F-B81B-4A49-A3BA-8CEF0D2F300D}.Debug|Any CPU.Build.0 = Debug|Any CPU
		{5A1C1D9F-B81B-4A49-A3BA-8CEF0D2F300D}.Release|Any CPU.ActiveCfg = Release|Any CPU
		{5A1C1D9F-B81B-4A49-A3BA-8CEF0D2F300D}.Release|Any CPU.Build.0 = Release|Any CPU
		{6E575897-E7C2-4F73-B13E-68DE8760E5EF}.Debug|Any CPU.ActiveCfg = Debug|Any CPU
		{6E575897-E7C2-4F73-B13E-68DE8760E5EF}.Debug|Any CPU.Build.0 = Debug|Any CPU
		{6E575897-E7C2-4F73-B13E-68DE8760E5EF}.Release|Any CPU.ActiveCfg = Release|Any CPU
		{6E575897-E7C2-4F73-B13E-68DE8760E5EF}.Release|Any CPU.Build.0 = Release|Any CPU
		{368EA3E4-F354-40B8-AD95-F64B78B9FE22}.Debug|Any CPU.ActiveCfg = Debug|Any CPU
		{368EA3E4-F354-40B8-AD95-F64B78B9FE22}.Debug|Any CPU.Build.0 = Debug|Any CPU
		{368EA3E4-F354-40B8-AD95-F64B78B9FE22}.Release|Any CPU.ActiveCfg = Release|Any CPU
		{368EA3E4-F354-40B8-AD95-F64B78B9FE22}.Release|Any CPU.Build.0 = Release|Any CPU
		{4EF04291-6572-43BF-8FDB-27144776BF44}.Debug|Any CPU.ActiveCfg = Debug|Any CPU
		{4EF04291-6572-43BF-8FDB-27144776BF44}.Debug|Any CPU.Build.0 = Debug|Any CPU
		{4EF04291-6572-43BF-8FDB-27144776BF44}.Release|Any CPU.ActiveCfg = Release|Any CPU
		{4EF04291-6572-43BF-8FDB-27144776BF44}.Release|Any CPU.Build.0 = Release|Any CPU
		{095B6431-E68D-459A-AB44-AB7F698E33A3}.Debug|Any CPU.ActiveCfg = Debug|Any CPU
		{095B6431-E68D-459A-AB44-AB7F698E33A3}.Debug|Any CPU.Build.0 = Debug|Any CPU
		{095B6431-E68D-459A-AB44-AB7F698E33A3}.Release|Any CPU.ActiveCfg = Release|Any CPU
		{095B6431-E68D-459A-AB44-AB7F698E33A3}.Release|Any CPU.Build.0 = Release|Any CPU
		{095B6431-E68D-459A-AB44-AB7F698E33A3}.Debug|Any CPU.Deploy.0 = Debug|Any CPU
		{C4531A3B-7E5A-4B03-B63F-61E1AF5E500C}.Debug|Any CPU.ActiveCfg = Debug|Any CPU
		{C4531A3B-7E5A-4B03-B63F-61E1AF5E500C}.Debug|Any CPU.Build.0 = Debug|Any CPU
		{C4531A3B-7E5A-4B03-B63F-61E1AF5E500C}.Release|Any CPU.ActiveCfg = Release|Any CPU
		{C4531A3B-7E5A-4B03-B63F-61E1AF5E500C}.Release|Any CPU.Build.0 = Release|Any CPU
		{10785D38-C9ED-43F2-A3E8-3D8BBF405C47}.Debug|Any CPU.ActiveCfg = Debug|Any CPU
		{10785D38-C9ED-43F2-A3E8-3D8BBF405C47}.Debug|Any CPU.Build.0 = Debug|Any CPU
		{10785D38-C9ED-43F2-A3E8-3D8BBF405C47}.Release|Any CPU.ActiveCfg = Release|Any CPU
		{10785D38-C9ED-43F2-A3E8-3D8BBF405C47}.Release|Any CPU.Build.0 = Release|Any CPU
		{2A0D2C7D-1C0C-49EC-B054-03CEFD02A418}.Debug|Any CPU.ActiveCfg = Debug|Any CPU
		{2A0D2C7D-1C0C-49EC-B054-03CEFD02A418}.Debug|Any CPU.Build.0 = Debug|Any CPU
		{2A0D2C7D-1C0C-49EC-B054-03CEFD02A418}.Release|Any CPU.ActiveCfg = Release|Any CPU
		{2A0D2C7D-1C0C-49EC-B054-03CEFD02A418}.Release|Any CPU.Build.0 = Release|Any CPU
		{D2896CA6-9157-4DE1-8C98-9E1785518FB0}.Debug|Any CPU.ActiveCfg = Debug|Any CPU
		{D2896CA6-9157-4DE1-8C98-9E1785518FB0}.Debug|Any CPU.Build.0 = Debug|Any CPU
		{D2896CA6-9157-4DE1-8C98-9E1785518FB0}.Release|Any CPU.ActiveCfg = Release|Any CPU
		{D2896CA6-9157-4DE1-8C98-9E1785518FB0}.Release|Any CPU.Build.0 = Release|Any CPU
		{501C54C5-8813-425D-B2EB-9048FBD2AA67}.Debug|Any CPU.ActiveCfg = Debug|Any CPU
		{501C54C5-8813-425D-B2EB-9048FBD2AA67}.Debug|Any CPU.Build.0 = Debug|Any CPU
		{501C54C5-8813-425D-B2EB-9048FBD2AA67}.Release|Any CPU.ActiveCfg = Release|Any CPU
		{501C54C5-8813-425D-B2EB-9048FBD2AA67}.Release|Any CPU.Build.0 = Release|Any CPU
		{7A50DF92-7132-423A-825D-890CDC8B1870}.Debug|Any CPU.ActiveCfg = Debug|Any CPU
		{7A50DF92-7132-423A-825D-890CDC8B1870}.Debug|Any CPU.Build.0 = Debug|Any CPU
		{7A50DF92-7132-423A-825D-890CDC8B1870}.Release|Any CPU.ActiveCfg = Release|Any CPU
		{7A50DF92-7132-423A-825D-890CDC8B1870}.Release|Any CPU.Build.0 = Release|Any CPU
		{E2682A67-BDE2-4728-B157-70A367B6F51B}.Debug|Any CPU.ActiveCfg = Debug|Any CPU
		{E2682A67-BDE2-4728-B157-70A367B6F51B}.Debug|Any CPU.Build.0 = Debug|Any CPU
		{E2682A67-BDE2-4728-B157-70A367B6F51B}.Release|Any CPU.ActiveCfg = Release|Any CPU
		{E2682A67-BDE2-4728-B157-70A367B6F51B}.Release|Any CPU.Build.0 = Release|Any CPU
		{7582BD79-9AEC-4E4F-855A-92C08072D91B}.Debug|Any CPU.ActiveCfg = Debug|Any CPU
		{7582BD79-9AEC-4E4F-855A-92C08072D91B}.Debug|Any CPU.Build.0 = Debug|Any CPU
		{7582BD79-9AEC-4E4F-855A-92C08072D91B}.Release|Any CPU.ActiveCfg = Release|Any CPU
		{7582BD79-9AEC-4E4F-855A-92C08072D91B}.Release|Any CPU.Build.0 = Release|Any CPU
		{690BFDD0-8289-4D5C-9E91-C94677D26352}.Debug|Any CPU.ActiveCfg = Debug|Any CPU
		{690BFDD0-8289-4D5C-9E91-C94677D26352}.Debug|Any CPU.Build.0 = Debug|Any CPU
		{690BFDD0-8289-4D5C-9E91-C94677D26352}.Release|Any CPU.ActiveCfg = Release|Any CPU
		{690BFDD0-8289-4D5C-9E91-C94677D26352}.Release|Any CPU.Build.0 = Release|Any CPU
		{F7723BDF-79AE-46A2-A3DB-F792CDE2F745}.Debug|Any CPU.ActiveCfg = Debug|Any CPU
		{F7723BDF-79AE-46A2-A3DB-F792CDE2F745}.Debug|Any CPU.Build.0 = Debug|Any CPU
		{F7723BDF-79AE-46A2-A3DB-F792CDE2F745}.Release|Any CPU.ActiveCfg = Release|Any CPU
		{F7723BDF-79AE-46A2-A3DB-F792CDE2F745}.Release|Any CPU.Build.0 = Release|Any CPU
		{818851FB-8565-47A7-8E58-A47157EBFAAD}.Debug|Any CPU.ActiveCfg = Debug|Any CPU
		{818851FB-8565-47A7-8E58-A47157EBFAAD}.Debug|Any CPU.Build.0 = Debug|Any CPU
		{818851FB-8565-47A7-8E58-A47157EBFAAD}.Release|Any CPU.ActiveCfg = Release|Any CPU
		{818851FB-8565-47A7-8E58-A47157EBFAAD}.Release|Any CPU.Build.0 = Release|Any CPU
		{3A84A56F-1988-4954-B176-0C0293E217C2}.Debug|Any CPU.ActiveCfg = Debug|Any CPU
		{3A84A56F-1988-4954-B176-0C0293E217C2}.Debug|Any CPU.Build.0 = Debug|Any CPU
		{3A84A56F-1988-4954-B176-0C0293E217C2}.Release|Any CPU.ActiveCfg = Release|Any CPU
		{3A84A56F-1988-4954-B176-0C0293E217C2}.Release|Any CPU.Build.0 = Release|Any CPU
		{FBC92436-8801-4117-9E21-B696AC598CDF}.Debug|Any CPU.ActiveCfg = Debug|Any CPU
		{FBC92436-8801-4117-9E21-B696AC598CDF}.Debug|Any CPU.Build.0 = Debug|Any CPU
		{FBC92436-8801-4117-9E21-B696AC598CDF}.Release|Any CPU.ActiveCfg = Release|Any CPU
		{FBC92436-8801-4117-9E21-B696AC598CDF}.Release|Any CPU.Build.0 = Release|Any CPU
		{BDCF1026-6881-4CF8-8077-DD07A346B82B}.Debug|Any CPU.ActiveCfg = Debug|Any CPU
		{BDCF1026-6881-4CF8-8077-DD07A346B82B}.Debug|Any CPU.Build.0 = Debug|Any CPU
		{BDCF1026-6881-4CF8-8077-DD07A346B82B}.Release|Any CPU.ActiveCfg = Release|Any CPU
		{BDCF1026-6881-4CF8-8077-DD07A346B82B}.Release|Any CPU.Build.0 = Release|Any CPU
		{E8F4DFF2-D342-4E24-9FA1-CB00EAA50BC4}.Debug|Any CPU.ActiveCfg = Debug|Any CPU
		{E8F4DFF2-D342-4E24-9FA1-CB00EAA50BC4}.Debug|Any CPU.Build.0 = Debug|Any CPU
		{E8F4DFF2-D342-4E24-9FA1-CB00EAA50BC4}.Release|Any CPU.ActiveCfg = Release|Any CPU
		{E8F4DFF2-D342-4E24-9FA1-CB00EAA50BC4}.Release|Any CPU.Build.0 = Release|Any CPU
		{F282179A-2824-4AB6-B6ED-99FA6799C30D}.Debug|Any CPU.ActiveCfg = Debug|Any CPU
		{F282179A-2824-4AB6-B6ED-99FA6799C30D}.Debug|Any CPU.Build.0 = Debug|Any CPU
		{F282179A-2824-4AB6-B6ED-99FA6799C30D}.Release|Any CPU.ActiveCfg = Release|Any CPU
		{F282179A-2824-4AB6-B6ED-99FA6799C30D}.Release|Any CPU.Build.0 = Release|Any CPU
		{A95FDF55-98ED-4C1C-8228-5507FCDB7CCB}.Debug|Any CPU.ActiveCfg = Debug|Any CPU
		{A95FDF55-98ED-4C1C-8228-5507FCDB7CCB}.Debug|Any CPU.Build.0 = Debug|Any CPU
		{A95FDF55-98ED-4C1C-8228-5507FCDB7CCB}.Release|Any CPU.ActiveCfg = Release|Any CPU
		{A95FDF55-98ED-4C1C-8228-5507FCDB7CCB}.Release|Any CPU.Build.0 = Release|Any CPU
		{14DE0785-A4CF-42F0-8FDD-9E331E1834D1}.Debug|Any CPU.ActiveCfg = Debug|Any CPU
		{14DE0785-A4CF-42F0-8FDD-9E331E1834D1}.Debug|Any CPU.Build.0 = Debug|Any CPU
		{14DE0785-A4CF-42F0-8FDD-9E331E1834D1}.Release|Any CPU.ActiveCfg = Release|Any CPU
		{14DE0785-A4CF-42F0-8FDD-9E331E1834D1}.Release|Any CPU.Build.0 = Release|Any CPU
	EndGlobalSection
EndGlobal
