
Microsoft Visual Studio Solution File, Format Version 12.00
Project("{2150E333-8FDC-42A3-9474-1A3956D46DE8}") = "src", "src", "{C797DE93-459A-4D4E-BF4C-3C8E057AAD50}"
EndProject
Project("{2150E333-8FDC-42A3-9474-1A3956D46DE8}") = "Insurance", "Insurance", "{2CA3AC1F-F56E-44C0-BF73-44352136D150}"
EndProject
Project("{FAE04EC0-301F-11D3-BF4B-00C04F79EFBC}") = "Insurance.WEBAPI", "src\InsuranceSQL\Insurance.WEBAPI\Insurance.WEBAPI.csproj", "{85C0EE51-E620-48D1-BEC5-47A581B05CEC}"
EndProject
Project("{FAE04EC0-301F-11D3-BF4B-00C04F79EFBC}") = "Insurance.DAL", "src\InsuranceSQL\Insurance.DAL\Insurance.DAL.csproj", "{014D9E72-BE96-47A7-A63E-18F951EB7914}"
EndProject
Project("{FAE04EC0-301F-11D3-BF4B-00C04F79EFBC}") = "Insurance.Infrastracture", "src\InsuranceSQL\Insurance.Infrastracture\Insurance.Infrastracture.csproj", "{E5358EF3-DFA5-4A0C-B9B2-3FA4AFB777E6}"
EndProject
Project("{FAE04EC0-301F-11D3-BF4B-00C04F79EFBC}") = "Insurance.Repositories", "src\InsuranceSQL\Insurance.Repositories\Insurance.Repositories.csproj", "{643B526C-94B3-45DA-A60F-1EDB7B5E7FFD}"
EndProject
Project("{FAE04EC0-301F-11D3-BF4B-00C04F79EFBC}") = "Insurance.BLL", "src\InsuranceSQL\Insurance.BLL\Insurance.BLL.csproj", "{5A1C1D9F-B81B-4A49-A3BA-8CEF0D2F300D}"
EndProject
Project("{FAE04EC0-301F-11D3-BF4B-00C04F79EFBC}") = "Insurance.Validation", "src\InsuranceSQL\Insurance.Validation\Insurance.Validation.csproj", "{6E575897-E7C2-4F73-B13E-68DE8760E5EF}"
EndProject
Project("{FAE04EC0-301F-11D3-BF4B-00C04F79EFBC}") = "Insurance.DTO", "src\InsuranceSQL\Insurance.DTO\Insurance.DTO.csproj", "{368EA3E4-F354-40B8-AD95-F64B78B9FE22}"
EndProject
Project("{FAE04EC0-301F-11D3-BF4B-00C04F79EFBC}") = "Insurance.Helpers", "src\InsuranceSQL\Insurance.Helpers\Insurance.Helpers.csproj", "{4EF04291-6572-43BF-8FDB-27144776BF44}"
EndProject
Project("{FAE04EC0-301F-11D3-BF4B-00C04F79EFBC}") = "ApiGateway", "ApiGateway\ApiGateway.csproj", "{095B6431-E68D-459A-AB44-AB7F698E33A3}"
EndProject
Project("{2150E333-8FDC-42A3-9474-1A3956D46DE8}") = "Insurance.Client", "Insurance.Client", "{5733586F-715A-449C-86B5-7D9C25EA787E}"
EndProject
Project("{FAE04EC0-301F-11D3-BF4B-00C04F79EFBC}") = "Front-endTemplate", "..\..\Front-endTemplate\Front-endTemplate\Front-endTemplate.csproj", "{C4531A3B-7E5A-4B03-B63F-61E1AF5E500C}"
EndProject
Global
	GlobalSection(SolutionConfigurationPlatforms) = preSolution
		Debug|Any CPU = Debug|Any CPU
		Release|Any CPU = Release|Any CPU
	EndGlobalSection
	GlobalSection(NestedProjects) = preSolution
		{2CA3AC1F-F56E-44C0-BF73-44352136D150} = {C797DE93-459A-4D4E-BF4C-3C8E057AAD50}
		{85C0EE51-E620-48D1-BEC5-47A581B05CEC} = {2CA3AC1F-F56E-44C0-BF73-44352136D150}
		{014D9E72-BE96-47A7-A63E-18F951EB7914} = {2CA3AC1F-F56E-44C0-BF73-44352136D150}
		{E5358EF3-DFA5-4A0C-B9B2-3FA4AFB777E6} = {2CA3AC1F-F56E-44C0-BF73-44352136D150}
		{643B526C-94B3-45DA-A60F-1EDB7B5E7FFD} = {2CA3AC1F-F56E-44C0-BF73-44352136D150}
		{5A1C1D9F-B81B-4A49-A3BA-8CEF0D2F300D} = {2CA3AC1F-F56E-44C0-BF73-44352136D150}
		{6E575897-E7C2-4F73-B13E-68DE8760E5EF} = {2CA3AC1F-F56E-44C0-BF73-44352136D150}
		{368EA3E4-F354-40B8-AD95-F64B78B9FE22} = {2CA3AC1F-F56E-44C0-BF73-44352136D150}
		{4EF04291-6572-43BF-8FDB-27144776BF44} = {2CA3AC1F-F56E-44C0-BF73-44352136D150}
		{5733586F-715A-449C-86B5-7D9C25EA787E} = {C797DE93-459A-4D4E-BF4C-3C8E057AAD50}
		{C4531A3B-7E5A-4B03-B63F-61E1AF5E500C} = {5733586F-715A-449C-86B5-7D9C25EA787E}
	EndGlobalSection
	GlobalSection(ProjectConfigurationPlatforms) = postSolution
		{85C0EE51-E620-48D1-BEC5-47A581B05CEC}.Debug|Any CPU.ActiveCfg = Debug|Any CPU
		{85C0EE51-E620-48D1-BEC5-47A581B05CEC}.Debug|Any CPU.Build.0 = Debug|Any CPU
		{85C0EE51-E620-48D1-BEC5-47A581B05CEC}.Release|Any CPU.ActiveCfg = Release|Any CPU
		{85C0EE51-E620-48D1-BEC5-47A581B05CEC}.Release|Any CPU.Build.0 = Release|Any CPU
		{85C0EE51-E620-48D1-BEC5-47A581B05CEC}.Debug|Any CPU.Deploy.0 = Debug|Any CPU
		{014D9E72-BE96-47A7-A63E-18F951EB7914}.Debug|Any CPU.ActiveCfg = Debug|Any CPU
		{014D9E72-BE96-47A7-A63E-18F951EB7914}.Debug|Any CPU.Build.0 = Debug|Any CPU
		{014D9E72-BE96-47A7-A63E-18F951EB7914}.Release|Any CPU.ActiveCfg = Release|Any CPU
		{014D9E72-BE96-47A7-A63E-18F951EB7914}.Release|Any CPU.Build.0 = Release|Any CPU
		{E5358EF3-DFA5-4A0C-B9B2-3FA4AFB777E6}.Debug|Any CPU.ActiveCfg = Debug|Any CPU
		{E5358EF3-DFA5-4A0C-B9B2-3FA4AFB777E6}.Debug|Any CPU.Build.0 = Debug|Any CPU
		{E5358EF3-DFA5-4A0C-B9B2-3FA4AFB777E6}.Release|Any CPU.ActiveCfg = Release|Any CPU
		{E5358EF3-DFA5-4A0C-B9B2-3FA4AFB777E6}.Release|Any CPU.Build.0 = Release|Any CPU
		{643B526C-94B3-45DA-A60F-1EDB7B5E7FFD}.Debug|Any CPU.ActiveCfg = Debug|Any CPU
		{643B526C-94B3-45DA-A60F-1EDB7B5E7FFD}.Debug|Any CPU.Build.0 = Debug|Any CPU
		{643B526C-94B3-45DA-A60F-1EDB7B5E7FFD}.Release|Any CPU.ActiveCfg = Release|Any CPU
		{643B526C-94B3-45DA-A60F-1EDB7B5E7FFD}.Release|Any CPU.Build.0 = Release|Any CPU
		{5A1C1D9F-B81B-4A49-A3BA-8CEF0D2F300D}.Debug|Any CPU.ActiveCfg = Debug|Any CPU
		{5A1C1D9F-B81B-4A49-A3BA-8CEF0D2F300D}.Debug|Any CPU.Build.0 = Debug|Any CPU
		{5A1C1D9F-B81B-4A49-A3BA-8CEF0D2F300D}.Release|Any CPU.ActiveCfg = Release|Any CPU
		{5A1C1D9F-B81B-4A49-A3BA-8CEF0D2F300D}.Release|Any CPU.Build.0 = Release|Any CPU
		{6E575897-E7C2-4F73-B13E-68DE8760E5EF}.Debug|Any CPU.ActiveCfg = Debug|Any CPU
		{6E575897-E7C2-4F73-B13E-68DE8760E5EF}.Debug|Any CPU.Build.0 = Debug|Any CPU
		{6E575897-E7C2-4F73-B13E-68DE8760E5EF}.Release|Any CPU.ActiveCfg = Release|Any CPU
		{6E575897-E7C2-4F73-B13E-68DE8760E5EF}.Release|Any CPU.Build.0 = Release|Any CPU
		{368EA3E4-F354-40B8-AD95-F64B78B9FE22}.Debug|Any CPU.ActiveCfg = Debug|Any CPU
		{368EA3E4-F354-40B8-AD95-F64B78B9FE22}.Debug|Any CPU.Build.0 = Debug|Any CPU
		{368EA3E4-F354-40B8-AD95-F64B78B9FE22}.Release|Any CPU.ActiveCfg = Release|Any CPU
		{368EA3E4-F354-40B8-AD95-F64B78B9FE22}.Release|Any CPU.Build.0 = Release|Any CPU
		{4EF04291-6572-43BF-8FDB-27144776BF44}.Debug|Any CPU.ActiveCfg = Debug|Any CPU
		{4EF04291-6572-43BF-8FDB-27144776BF44}.Debug|Any CPU.Build.0 = Debug|Any CPU
		{4EF04291-6572-43BF-8FDB-27144776BF44}.Release|Any CPU.ActiveCfg = Release|Any CPU
		{4EF04291-6572-43BF-8FDB-27144776BF44}.Release|Any CPU.Build.0 = Release|Any CPU
		{095B6431-E68D-459A-AB44-AB7F698E33A3}.Debug|Any CPU.ActiveCfg = Debug|Any CPU
		{095B6431-E68D-459A-AB44-AB7F698E33A3}.Debug|Any CPU.Build.0 = Debug|Any CPU
		{095B6431-E68D-459A-AB44-AB7F698E33A3}.Release|Any CPU.ActiveCfg = Release|Any CPU
		{095B6431-E68D-459A-AB44-AB7F698E33A3}.Release|Any CPU.Build.0 = Release|Any CPU
		{095B6431-E68D-459A-AB44-AB7F698E33A3}.Debug|Any CPU.Deploy.0 = Debug|Any CPU
		{C4531A3B-7E5A-4B03-B63F-61E1AF5E500C}.Debug|Any CPU.ActiveCfg = Debug|Any CPU
		{C4531A3B-7E5A-4B03-B63F-61E1AF5E500C}.Debug|Any CPU.Build.0 = Debug|Any CPU
		{C4531A3B-7E5A-4B03-B63F-61E1AF5E500C}.Release|Any CPU.ActiveCfg = Release|Any CPU
		{C4531A3B-7E5A-4B03-B63F-61E1AF5E500C}.Release|Any CPU.Build.0 = Release|Any CPU
	EndGlobalSection
EndGlobal
