
Microsoft Visual Studio Solution File, Format Version 12.00
Project("{FAE04EC0-301F-11D3-BF4B-00C04F79EFBC}") = "Front-endTemplate", "Front-endTemplate\Front-endTemplate.csproj", "{C35238AC-AB13-46B9-8AC9-846630F9655F}"
EndProject
Global
	GlobalSection(SolutionConfigurationPlatforms) = preSolution
		Debug|Any CPU = Debug|Any CPU
		Release|Any CPU = Release|Any CPU
	EndGlobalSection
	GlobalSection(ProjectConfigurationPlatforms) = postSolution
		{C35238AC-AB13-46B9-8AC9-846630F9655F}.Debug|Any CPU.ActiveCfg = Debug|Any CPU
		{C35238AC-AB13-46B9-8AC9-846630F9655F}.Debug|Any CPU.Build.0 = Debug|Any CPU
		{C35238AC-AB13-46B9-8AC9-846630F9655F}.Release|Any CPU.ActiveCfg = Release|Any CPU
		{C35238AC-AB13-46B9-8AC9-846630F9655F}.Release|Any CPU.Build.0 = Release|Any CPU
	EndGlobalSection
EndGlobal
