
Microsoft Visual Studio Solution File, Format Version 12.00
Project("{FAE04EC0-301F-11D3-BF4B-00C04F79EFBC}") = "Insurance.WEBAPI", "Insurance.WEBAPI\Insurance.WEBAPI.csproj", "{6AD7BE1C-083C-4A6C-81B0-2ECFD2D93321}"
EndProject
Project("{FAE04EC0-301F-11D3-BF4B-00C04F79EFBC}") = "Insurance.DAL", "Insurance.DAL\Insurance.DAL.csproj", "{0FF1FE20-3771-486A-9076-A71BE8614975}"
EndProject
Project("{FAE04EC0-301F-11D3-BF4B-00C04F79EFBC}") = "Insurance.Infrastracture", "Insurance.Infrastracture\Insurance.Infrastracture.csproj", "{3174D15C-77D0-4D4A-8F13-7D4BA0FD0E06}"
EndProject
Project("{FAE04EC0-301F-11D3-BF4B-00C04F79EFBC}") = "Insurance.Repositories", "Insurance.Repositories\Insurance.Repositories.csproj", "{23C655AC-AD92-48E2-B8FD-EEE316021285}"
EndProject
Project("{FAE04EC0-301F-11D3-BF4B-00C04F79EFBC}") = "Insurance.BLL", "Insurance.BLL\Insurance.BLL.csproj", "{4240BDFB-DDC4-4E82-A457-0AFF56B900E0}"
EndProject
Project("{FAE04EC0-301F-11D3-BF4B-00C04F79EFBC}") = "Insurance.DTO", "Insurance.DTO\Insurance.DTO.csproj", "{BA1FBEA4-23A4-4B73-BAC1-96AE80D374F7}"
EndProject
Project("{FAE04EC0-301F-11D3-BF4B-00C04F79EFBC}") = "Insurance.Validation", "Insurance.Validation\Insurance.Validation.csproj", "{C6BC384B-1371-4D01-826A-4702A4941B70}"
EndProject
Project("{FAE04EC0-301F-11D3-BF4B-00C04F79EFBC}") = "Insurance.Helpers", "Insurance.Helpers\Insurance.Helpers.csproj", "{511E4BCD-E111-465C-821F-59496ABB3BA2}"
EndProject
Global
	GlobalSection(SolutionConfigurationPlatforms) = preSolution
		Debug|Any CPU = Debug|Any CPU
		Release|Any CPU = Release|Any CPU
	EndGlobalSection
	GlobalSection(ProjectConfigurationPlatforms) = postSolution
		{6AD7BE1C-083C-4A6C-81B0-2ECFD2D93321}.Debug|Any CPU.ActiveCfg = Debug|Any CPU
		{6AD7BE1C-083C-4A6C-81B0-2ECFD2D93321}.Debug|Any CPU.Build.0 = Debug|Any CPU
		{6AD7BE1C-083C-4A6C-81B0-2ECFD2D93321}.Release|Any CPU.ActiveCfg = Release|Any CPU
		{6AD7BE1C-083C-4A6C-81B0-2ECFD2D93321}.Release|Any CPU.Build.0 = Release|Any CPU
		{0FF1FE20-3771-486A-9076-A71BE8614975}.Debug|Any CPU.ActiveCfg = Debug|Any CPU
		{0FF1FE20-3771-486A-9076-A71BE8614975}.Debug|Any CPU.Build.0 = Debug|Any CPU
		{0FF1FE20-3771-486A-9076-A71BE8614975}.Release|Any CPU.ActiveCfg = Release|Any CPU
		{0FF1FE20-3771-486A-9076-A71BE8614975}.Release|Any CPU.Build.0 = Release|Any CPU
		{3174D15C-77D0-4D4A-8F13-7D4BA0FD0E06}.Debug|Any CPU.ActiveCfg = Debug|Any CPU
		{3174D15C-77D0-4D4A-8F13-7D4BA0FD0E06}.Debug|Any CPU.Build.0 = Debug|Any CPU
		{3174D15C-77D0-4D4A-8F13-7D4BA0FD0E06}.Release|Any CPU.ActiveCfg = Release|Any CPU
		{3174D15C-77D0-4D4A-8F13-7D4BA0FD0E06}.Release|Any CPU.Build.0 = Release|Any CPU
		{23C655AC-AD92-48E2-B8FD-EEE316021285}.Debug|Any CPU.ActiveCfg = Debug|Any CPU
		{23C655AC-AD92-48E2-B8FD-EEE316021285}.Debug|Any CPU.Build.0 = Debug|Any CPU
		{23C655AC-AD92-48E2-B8FD-EEE316021285}.Release|Any CPU.ActiveCfg = Release|Any CPU
		{23C655AC-AD92-48E2-B8FD-EEE316021285}.Release|Any CPU.Build.0 = Release|Any CPU
		{4240BDFB-DDC4-4E82-A457-0AFF56B900E0}.Debug|Any CPU.ActiveCfg = Debug|Any CPU
		{4240BDFB-DDC4-4E82-A457-0AFF56B900E0}.Debug|Any CPU.Build.0 = Debug|Any CPU
		{4240BDFB-DDC4-4E82-A457-0AFF56B900E0}.Release|Any CPU.ActiveCfg = Release|Any CPU
		{4240BDFB-DDC4-4E82-A457-0AFF56B900E0}.Release|Any CPU.Build.0 = Release|Any CPU
		{BA1FBEA4-23A4-4B73-BAC1-96AE80D374F7}.Debug|Any CPU.ActiveCfg = Debug|Any CPU
		{BA1FBEA4-23A4-4B73-BAC1-96AE80D374F7}.Debug|Any CPU.Build.0 = Debug|Any CPU
		{BA1FBEA4-23A4-4B73-BAC1-96AE80D374F7}.Release|Any CPU.ActiveCfg = Release|Any CPU
		{BA1FBEA4-23A4-4B73-BAC1-96AE80D374F7}.Release|Any CPU.Build.0 = Release|Any CPU
		{C6BC384B-1371-4D01-826A-4702A4941B70}.Debug|Any CPU.ActiveCfg = Debug|Any CPU
		{C6BC384B-1371-4D01-826A-4702A4941B70}.Debug|Any CPU.Build.0 = Debug|Any CPU
		{C6BC384B-1371-4D01-826A-4702A4941B70}.Release|Any CPU.ActiveCfg = Release|Any CPU
		{C6BC384B-1371-4D01-826A-4702A4941B70}.Release|Any CPU.Build.0 = Release|Any CPU
		{511E4BCD-E111-465C-821F-59496ABB3BA2}.Debug|Any CPU.ActiveCfg = Debug|Any CPU
		{511E4BCD-E111-465C-821F-59496ABB3BA2}.Debug|Any CPU.Build.0 = Debug|Any CPU
		{511E4BCD-E111-465C-821F-59496ABB3BA2}.Release|Any CPU.ActiveCfg = Release|Any CPU
		{511E4BCD-E111-465C-821F-59496ABB3BA2}.Release|Any CPU.Build.0 = Release|Any CPU
	EndGlobalSection
EndGlobal
